
Microsoft Visual Studio Solution File, Format Version 12.00
# Visual Studio Version 16
VisualStudioVersion = 16.0.30128.74
MinimumVisualStudioVersion = 10.0.40219.1
Project("{FAE04EC0-301F-11D3-BF4B-00C04F79EFBC}") = "Poker", "Poker\Poker.csproj", "{07AB5A91-F493-41F6-9476-6651FCB0D0BD}"
EndProject
Project("{FAE04EC0-301F-11D3-BF4B-00C04F79EFBC}") = "Common", "Common\Common.csproj", "{A1AD652E-F9E6-4399-B7DC-57E04EF5D134}"
EndProject
Project("{FAE04EC0-301F-11D3-BF4B-00C04F79EFBC}") = "Parser", "Parser\Parser.csproj", "{CD4323BD-DF56-4EF6-BB3C-80FE959307FF}"
EndProject
Global
	GlobalSection(SolutionConfigurationPlatforms) = preSolution
		Debug|Any CPU = Debug|Any CPU
		Release|Any CPU = Release|Any CPU
	EndGlobalSection
	GlobalSection(ProjectConfigurationPlatforms) = postSolution
		{07AB5A91-F493-41F6-9476-6651FCB0D0BD}.Debug|Any CPU.ActiveCfg = Debug|Any CPU
		{07AB5A91-F493-41F6-9476-6651FCB0D0BD}.Debug|Any CPU.Build.0 = Debug|Any CPU
		{07AB5A91-F493-41F6-9476-6651FCB0D0BD}.Release|Any CPU.ActiveCfg = Release|Any CPU
		{07AB5A91-F493-41F6-9476-6651FCB0D0BD}.Release|Any CPU.Build.0 = Release|Any CPU
		{A1AD652E-F9E6-4399-B7DC-57E04EF5D134}.Debug|Any CPU.ActiveCfg = Debug|Any CPU
		{A1AD652E-F9E6-4399-B7DC-57E04EF5D134}.Debug|Any CPU.Build.0 = Debug|Any CPU
		{A1AD652E-F9E6-4399-B7DC-57E04EF5D134}.Release|Any CPU.ActiveCfg = Release|Any CPU
		{A1AD652E-F9E6-4399-B7DC-57E04EF5D134}.Release|Any CPU.Build.0 = Release|Any CPU
		{CD4323BD-DF56-4EF6-BB3C-80FE959307FF}.Debug|Any CPU.ActiveCfg = Debug|Any CPU
		{CD4323BD-DF56-4EF6-BB3C-80FE959307FF}.Debug|Any CPU.Build.0 = Debug|Any CPU
		{CD4323BD-DF56-4EF6-BB3C-80FE959307FF}.Release|Any CPU.ActiveCfg = Release|Any CPU
		{CD4323BD-DF56-4EF6-BB3C-80FE959307FF}.Release|Any CPU.Build.0 = Release|Any CPU
	EndGlobalSection
	GlobalSection(SolutionProperties) = preSolution
		HideSolutionNode = FALSE
	EndGlobalSection
	GlobalSection(ExtensibilityGlobals) = postSolution
		SolutionGuid = {D54B17EE-6BC0-43CA-AD15-718506B96828}
	EndGlobalSection
EndGlobal
